
Microsoft Visual Studio Solution File, Format Version 12.00
# Visual Studio Version 17
VisualStudioVersion = 17.13.35919.96 d17.13
MinimumVisualStudioVersion = 10.0.40219.1
Project("{FAE04EC0-301F-11D3-BF4B-00C04F79EFBC}") = "EventAggregator", "EventAggregator\EventAggregator.csproj", "{9C7CD0FC-8EC3-4ECE-B845-205ECBDE2859}"
EndProject
Global
	GlobalSection(SolutionConfigurationPlatforms) = preSolution
		Debug|Any CPU = Debug|Any CPU
		Release|Any CPU = Release|Any CPU
	EndGlobalSection
	GlobalSection(ProjectConfigurationPlatforms) = postSolution
		{9C7CD0FC-8EC3-4ECE-B845-205ECBDE2859}.Debug|Any CPU.ActiveCfg = Debug|Any CPU
		{9C7CD0FC-8EC3-4ECE-B845-205ECBDE2859}.Debug|Any CPU.Build.0 = Debug|Any CPU
		{9C7CD0FC-8EC3-4ECE-B845-205ECBDE2859}.Release|Any CPU.ActiveCfg = Release|Any CPU
		{9C7CD0FC-8EC3-4ECE-B845-205ECBDE2859}.Release|Any CPU.Build.0 = Release|Any CPU
	EndGlobalSection
	GlobalSection(SolutionProperties) = preSolution
		HideSolutionNode = FALSE
	EndGlobalSection
	GlobalSection(ExtensibilityGlobals) = postSolution
		SolutionGuid = {C545D30A-DE1A-445B-BB26-FB2447D5B31F}
	EndGlobalSection
EndGlobal
